{
    "name": "node-red-project",
    "version": "0.0.1",
    "lockfileVersion": 2,
    "requires": true,
    "packages": {
        "": {
            "name": "node-red-project",
            "version": "0.0.1",
            "dependencies": {
                "node-red-node-smooth": "\"~\"0.1.2"
            }
        },
        "node_modules/node-red-node-smooth": {
            "version": "0.1.2",
            "resolved": "https://registry.npmjs.org/node-red-node-smooth/-/node-red-node-smooth-0.1.2.tgz",
            "integrity": "sha512-IpEOSOvz7UvkiOFQN4kIiv1Z6sxrRgbILG6IFR0CD/e1m0cK4iRsXpTi1Lofr+eiVQ0HaKXuZ2zIayPAIEFm0w=="
        }
    },
    "dependencies": {
        "node-red-node-smooth": {
            "version": "0.1.2",
            "resolved": "https://registry.npmjs.org/node-red-node-smooth/-/node-red-node-smooth-0.1.2.tgz",
            "integrity": "sha512-IpEOSOvz7UvkiOFQN4kIiv1Z6sxrRgbILG6IFR0CD/e1m0cK4iRsXpTi1Lofr+eiVQ0HaKXuZ2zIayPAIEFm0w=="
        }
    }
}
